
Microsoft Visual Studio Solution File, Format Version 12.00
# Visual Studio 15
VisualStudioVersion = 15.0.26430.16
MinimumVisualStudioVersion = 10.0.40219.1
Project("{2150E333-8FDC-42A3-9474-1A3956D46DE8}") = "Infrastructure", "Infrastructure", "{73E2E1C1-68CD-450F-B0C7-76D4AC7A30B2}"
EndProject
Project("{2150E333-8FDC-42A3-9474-1A3956D46DE8}") = "Repository", "Repository", "{46E54876-C4C2-452B-A7C1-C4D39D296F2F}"
EndProject
Project("{2150E333-8FDC-42A3-9474-1A3956D46DE8}") = "Service", "Service", "{34C1AD9A-8EFD-4FFE-A26C-7D29BB8783D7}"
EndProject
Project("{2150E333-8FDC-42A3-9474-1A3956D46DE8}") = "UI", "UI", "{F7E1196F-D895-44DB-B7FE-61B494F8713C}"
EndProject
Project("{FAE04EC0-301F-11D3-BF4B-00C04F79EFBC}") = "Common", "Common\Common.csproj", "{46211120-943D-4D1A-BDD3-6601B180ADD4}"
EndProject
Project("{FAE04EC0-301F-11D3-BF4B-00C04F79EFBC}") = "Models", "Models\Models.csproj", "{8007F4F2-3E57-47B0-849F-AEF386DE9B28}"
EndProject
Project("{FAE04EC0-301F-11D3-BF4B-00C04F79EFBC}") = "IDAL", "IDAL\IDAL.csproj", "{68673B6E-784A-4A92-9A27-7787328CF1B9}"
EndProject
Project("{FAE04EC0-301F-11D3-BF4B-00C04F79EFBC}") = "SqlServerDAL", "SqlServerDAL\SqlServerDAL.csproj", "{763EE1AD-783F-41ED-85DF-AC69A4E3DBBB}"
EndProject
Project("{FAE04EC0-301F-11D3-BF4B-00C04F79EFBC}") = "OracleDAL", "OracleDAL\OracleDAL.csproj", "{4F96BB66-6D64-4784-BECF-CC6C2E511523}"
EndProject
Project("{FAE04EC0-301F-11D3-BF4B-00C04F79EFBC}") = "DI", "DI\DI.csproj", "{1AC31667-8C2B-4D2E-95A0-253CF8BE8B84}"
EndProject
Project("{FAE04EC0-301F-11D3-BF4B-00C04F79EFBC}") = "WebSite", "WebSite\WebSite.csproj", "{72737F78-E46E-40A2-A66B-05AAA38EB550}"
EndProject
Project("{FAE04EC0-301F-11D3-BF4B-00C04F79EFBC}") = "OracleBLL", "OracleBLL\OracleBLL.csproj", "{AF0EAE1A-8903-4245-9182-BCD9779D9104}"
EndProject
Project("{FAE04EC0-301F-11D3-BF4B-00C04F79EFBC}") = "SqlServerBLL", "SqlServerBLL\SqlServerBLL.csproj", "{4A411602-9417-4484-BD67-8DFF5E7C1F91}"
EndProject
Project("{FAE04EC0-301F-11D3-BF4B-00C04F79EFBC}") = "IBLL", "IBLL\IBLL.csproj", "{1EF508DA-93A6-467B-A6B7-33B9E313898F}"
EndProject
Global
	GlobalSection(SolutionConfigurationPlatforms) = preSolution
		Debug|Any CPU = Debug|Any CPU
		Release|Any CPU = Release|Any CPU
	EndGlobalSection
	GlobalSection(ProjectConfigurationPlatforms) = postSolution
		{46211120-943D-4D1A-BDD3-6601B180ADD4}.Debug|Any CPU.ActiveCfg = Debug|Any CPU
		{46211120-943D-4D1A-BDD3-6601B180ADD4}.Debug|Any CPU.Build.0 = Debug|Any CPU
		{46211120-943D-4D1A-BDD3-6601B180ADD4}.Release|Any CPU.ActiveCfg = Release|Any CPU
		{46211120-943D-4D1A-BDD3-6601B180ADD4}.Release|Any CPU.Build.0 = Release|Any CPU
		{8007F4F2-3E57-47B0-849F-AEF386DE9B28}.Debug|Any CPU.ActiveCfg = Debug|Any CPU
		{8007F4F2-3E57-47B0-849F-AEF386DE9B28}.Debug|Any CPU.Build.0 = Debug|Any CPU
		{8007F4F2-3E57-47B0-849F-AEF386DE9B28}.Release|Any CPU.ActiveCfg = Release|Any CPU
		{8007F4F2-3E57-47B0-849F-AEF386DE9B28}.Release|Any CPU.Build.0 = Release|Any CPU
		{68673B6E-784A-4A92-9A27-7787328CF1B9}.Debug|Any CPU.ActiveCfg = Debug|Any CPU
		{68673B6E-784A-4A92-9A27-7787328CF1B9}.Debug|Any CPU.Build.0 = Debug|Any CPU
		{68673B6E-784A-4A92-9A27-7787328CF1B9}.Release|Any CPU.ActiveCfg = Release|Any CPU
		{68673B6E-784A-4A92-9A27-7787328CF1B9}.Release|Any CPU.Build.0 = Release|Any CPU
		{763EE1AD-783F-41ED-85DF-AC69A4E3DBBB}.Debug|Any CPU.ActiveCfg = Debug|Any CPU
		{763EE1AD-783F-41ED-85DF-AC69A4E3DBBB}.Debug|Any CPU.Build.0 = Debug|Any CPU
		{763EE1AD-783F-41ED-85DF-AC69A4E3DBBB}.Release|Any CPU.ActiveCfg = Release|Any CPU
		{763EE1AD-783F-41ED-85DF-AC69A4E3DBBB}.Release|Any CPU.Build.0 = Release|Any CPU
		{4F96BB66-6D64-4784-BECF-CC6C2E511523}.Debug|Any CPU.ActiveCfg = Debug|Any CPU
		{4F96BB66-6D64-4784-BECF-CC6C2E511523}.Debug|Any CPU.Build.0 = Debug|Any CPU
		{4F96BB66-6D64-4784-BECF-CC6C2E511523}.Release|Any CPU.ActiveCfg = Release|Any CPU
		{4F96BB66-6D64-4784-BECF-CC6C2E511523}.Release|Any CPU.Build.0 = Release|Any CPU
		{1AC31667-8C2B-4D2E-95A0-253CF8BE8B84}.Debug|Any CPU.ActiveCfg = Debug|Any CPU
		{1AC31667-8C2B-4D2E-95A0-253CF8BE8B84}.Debug|Any CPU.Build.0 = Debug|Any CPU
		{1AC31667-8C2B-4D2E-95A0-253CF8BE8B84}.Release|Any CPU.ActiveCfg = Release|Any CPU
		{1AC31667-8C2B-4D2E-95A0-253CF8BE8B84}.Release|Any CPU.Build.0 = Release|Any CPU
		{72737F78-E46E-40A2-A66B-05AAA38EB550}.Debug|Any CPU.ActiveCfg = Debug|Any CPU
		{72737F78-E46E-40A2-A66B-05AAA38EB550}.Debug|Any CPU.Build.0 = Debug|Any CPU
		{72737F78-E46E-40A2-A66B-05AAA38EB550}.Release|Any CPU.ActiveCfg = Release|Any CPU
		{72737F78-E46E-40A2-A66B-05AAA38EB550}.Release|Any CPU.Build.0 = Release|Any CPU
		{AF0EAE1A-8903-4245-9182-BCD9779D9104}.Debug|Any CPU.ActiveCfg = Debug|Any CPU
		{AF0EAE1A-8903-4245-9182-BCD9779D9104}.Debug|Any CPU.Build.0 = Debug|Any CPU
		{AF0EAE1A-8903-4245-9182-BCD9779D9104}.Release|Any CPU.ActiveCfg = Release|Any CPU
		{AF0EAE1A-8903-4245-9182-BCD9779D9104}.Release|Any CPU.Build.0 = Release|Any CPU
		{4A411602-9417-4484-BD67-8DFF5E7C1F91}.Debug|Any CPU.ActiveCfg = Debug|Any CPU
		{4A411602-9417-4484-BD67-8DFF5E7C1F91}.Debug|Any CPU.Build.0 = Debug|Any CPU
		{4A411602-9417-4484-BD67-8DFF5E7C1F91}.Release|Any CPU.ActiveCfg = Release|Any CPU
		{4A411602-9417-4484-BD67-8DFF5E7C1F91}.Release|Any CPU.Build.0 = Release|Any CPU
		{1EF508DA-93A6-467B-A6B7-33B9E313898F}.Debug|Any CPU.ActiveCfg = Debug|Any CPU
		{1EF508DA-93A6-467B-A6B7-33B9E313898F}.Debug|Any CPU.Build.0 = Debug|Any CPU
		{1EF508DA-93A6-467B-A6B7-33B9E313898F}.Release|Any CPU.ActiveCfg = Release|Any CPU
		{1EF508DA-93A6-467B-A6B7-33B9E313898F}.Release|Any CPU.Build.0 = Release|Any CPU
	EndGlobalSection
	GlobalSection(SolutionProperties) = preSolution
		HideSolutionNode = FALSE
	EndGlobalSection
	GlobalSection(NestedProjects) = preSolution
		{46211120-943D-4D1A-BDD3-6601B180ADD4} = {73E2E1C1-68CD-450F-B0C7-76D4AC7A30B2}
		{8007F4F2-3E57-47B0-849F-AEF386DE9B28} = {73E2E1C1-68CD-450F-B0C7-76D4AC7A30B2}
		{68673B6E-784A-4A92-9A27-7787328CF1B9} = {46E54876-C4C2-452B-A7C1-C4D39D296F2F}
		{763EE1AD-783F-41ED-85DF-AC69A4E3DBBB} = {46E54876-C4C2-452B-A7C1-C4D39D296F2F}
		{4F96BB66-6D64-4784-BECF-CC6C2E511523} = {46E54876-C4C2-452B-A7C1-C4D39D296F2F}
		{1AC31667-8C2B-4D2E-95A0-253CF8BE8B84} = {73E2E1C1-68CD-450F-B0C7-76D4AC7A30B2}
		{72737F78-E46E-40A2-A66B-05AAA38EB550} = {F7E1196F-D895-44DB-B7FE-61B494F8713C}
		{AF0EAE1A-8903-4245-9182-BCD9779D9104} = {34C1AD9A-8EFD-4FFE-A26C-7D29BB8783D7}
		{4A411602-9417-4484-BD67-8DFF5E7C1F91} = {34C1AD9A-8EFD-4FFE-A26C-7D29BB8783D7}
		{1EF508DA-93A6-467B-A6B7-33B9E313898F} = {34C1AD9A-8EFD-4FFE-A26C-7D29BB8783D7}
	EndGlobalSection
EndGlobal
